
Microsoft Visual Studio Solution File, Format Version 12.00
# Visual Studio Version 16
VisualStudioVersion = 16.0.30907.101
MinimumVisualStudioVersion = 10.0.40219.1
Project("{FAE04EC0-301F-11D3-BF4B-00C04F79EFBC}") = "CodingInterview", "CodingInterview\CodingInterview.csproj", "{7570C77C-A625-49A3-9545-F33799138DE2}"
EndProject
Global
	GlobalSection(SolutionConfigurationPlatforms) = preSolution
		Debug|Any CPU = Debug|Any CPU
		Release|Any CPU = Release|Any CPU
	EndGlobalSection
	GlobalSection(ProjectConfigurationPlatforms) = postSolution
		{7570C77C-A625-49A3-9545-F33799138DE2}.Debug|Any CPU.ActiveCfg = Debug|Any CPU
		{7570C77C-A625-49A3-9545-F33799138DE2}.Debug|Any CPU.Build.0 = Debug|Any CPU
		{7570C77C-A625-49A3-9545-F33799138DE2}.Release|Any CPU.ActiveCfg = Release|Any CPU
		{7570C77C-A625-49A3-9545-F33799138DE2}.Release|Any CPU.Build.0 = Release|Any CPU
	EndGlobalSection
	GlobalSection(SolutionProperties) = preSolution
		HideSolutionNode = FALSE
	EndGlobalSection
	GlobalSection(ExtensibilityGlobals) = postSolution
		SolutionGuid = {0C5484DD-D452-4741-B17F-8A24E2B7934C}
	EndGlobalSection
EndGlobal
